
Microsoft Visual Studio Solution File, Format Version 12.00
# Visual Studio Version 17
VisualStudioVersion = 17.4.33103.184
MinimumVisualStudioVersion = 10.0.40219.1
Project("{9A19103F-16F7-4668-BE54-9A1E7A4F7556}") = "WindowsHello.Tests", "WindowsHello.Tests\WindowsHello.Tests.csproj", "{1CDA9CEF-8B5D-442B-8BC4-4D25F9E2826C}"
EndProject
Project("{9A19103F-16F7-4668-BE54-9A1E7A4F7556}") = "WindowsHello", "WindowsHello\WindowsHello.csproj", "{23B8E703-7DF1-4BD1-B49D-BE06D76C6681}"
EndProject
Global
	GlobalSection(SolutionConfigurationPlatforms) = preSolution
		Debug|Any CPU = Debug|Any CPU
		Release|Any CPU = Release|Any CPU
	EndGlobalSection
	GlobalSection(ProjectConfigurationPlatforms) = postSolution
		{1CDA9CEF-8B5D-442B-8BC4-4D25F9E2826C}.Debug|Any CPU.ActiveCfg = Debug|Any CPU
		{1CDA9CEF-8B5D-442B-8BC4-4D25F9E2826C}.Debug|Any CPU.Build.0 = Debug|Any CPU
		{1CDA9CEF-8B5D-442B-8BC4-4D25F9E2826C}.Release|Any CPU.ActiveCfg = Release|Any CPU
		{1CDA9CEF-8B5D-442B-8BC4-4D25F9E2826C}.Release|Any CPU.Build.0 = Release|Any CPU
		{23B8E703-7DF1-4BD1-B49D-BE06D76C6681}.Debug|Any CPU.ActiveCfg = Debug|Any CPU
		{23B8E703-7DF1-4BD1-B49D-BE06D76C6681}.Debug|Any CPU.Build.0 = Debug|Any CPU
		{23B8E703-7DF1-4BD1-B49D-BE06D76C6681}.Release|Any CPU.ActiveCfg = Release|Any CPU
		{23B8E703-7DF1-4BD1-B49D-BE06D76C6681}.Release|Any CPU.Build.0 = Release|Any CPU
	EndGlobalSection
	GlobalSection(SolutionProperties) = preSolution
		HideSolutionNode = FALSE
	EndGlobalSection
	GlobalSection(ExtensibilityGlobals) = postSolution
		SolutionGuid = {DB66062A-3D8C-4E69-BE1D-0E7876359A30}
	EndGlobalSection
EndGlobal
